// !$*UTF8*$!
{
	archiveVersion = 1;
	classes = {
	};
	objectVersion = 46;
	objects = {

/* Begin PBXBuildFile section */
		4B4551061CA3E32F002E6127 /* main.m in Sources */ = {isa = PBXBuildFile; fileRef = 4B4551051CA3E32F002E6127 /* main.m */; };
		4B4551091CA3E32F002E6127 /* AppDelegate.m in Sources */ = {isa = PBXBuildFile; fileRef = 4B4551081CA3E32F002E6127 /* AppDelegate.m */; };
		4B45510C1CA3E32F002E6127 /* ViewController.m in Sources */ = {isa = PBXBuildFile; fileRef = 4B45510B1CA3E32F002E6127 /* ViewController.m */; };
		4B45510F1CA3E32F002E6127 /* Main.storyboard in Resources */ = {isa = PBXBuildFile; fileRef = 4B45510D1CA3E32F002E6127 /* Main.storyboard */; };
		4B4551111CA3E32F002E6127 /* Assets.xcassets in Resources */ = {isa = PBXBuildFile; fileRef = 4B4551101CA3E32F002E6127 /* Assets.xcassets */; };
		4B4551141CA3E32F002E6127 /* LaunchScreen.storyboard in Resources */ = {isa = PBXBuildFile; fileRef = 4B4551121CA3E32F002E6127 /* LaunchScreen.storyboard */; };
		4B45511F1CA3E32F002E6127 /* LiuXSliderTests.m in Sources */ = {isa = PBXBuildFile; fileRef = 4B45511E1CA3E32F002E6127 /* LiuXSliderTests.m */; };
		4B45512A1CA3E32F002E6127 /* LiuXSliderUITests.m in Sources */ = {isa = PBXBuildFile; fileRef = 4B4551291CA3E32F002E6127 /* LiuXSliderUITests.m */; };
		4B4551391CA3E351002E6127 /* LiuXSlider.m in Sources */ = {isa = PBXBuildFile; fileRef = 4B4551381CA3E351002E6127 /* LiuXSlider.m */; };
		4B45513B1CA3E359002E6127 /* 日历@2x.png in Resources */ = {isa = PBXBuildFile; fileRef = 4B45513A1CA3E359002E6127 /* 日历@2x.png */; };
/* End PBXBuildFile section */

/* Begin PBXContainerItemProxy section */
		4B45511B1CA3E32F002E6127 /* PBXContainerItemProxy */ = {
			isa = PBXContainerItemProxy;
			containerPortal = 4B4550F91CA3E32F002E6127 /* Project object */;
			proxyType = 1;
			remoteGlobalIDString = 4B4551001CA3E32F002E6127;
			remoteInfo = LiuXSlider;
		};
		4B4551261CA3E32F002E6127 /* PBXContainerItemProxy */ = {
			isa = PBXContainerItemProxy;
			containerPortal = 4B4550F91CA3E32F002E6127 /* Project object */;
			proxyType = 1;
			remoteGlobalIDString = 4B4551001CA3E32F002E6127;
			remoteInfo = LiuXSlider;
		};
/* End PBXContainerItemProxy section */

/* Begin PBXFileReference section */
		4B4551011CA3E32F002E6127 /* LiuXSlider.app */ = {isa = PBXFileReference; explicitFileType = wrapper.application; includeInIndex = 0; path = LiuXSlider.app; sourceTree = BUILT_PRODUCTS_DIR; };
		4B4551051CA3E32F002E6127 /* main.m */ = {isa = PBXFileReference; lastKnownFileType = sourcecode.c.objc; path = main.m; sourceTree = "<group>"; };
		4B4551071CA3E32F002E6127 /* AppDelegate.h */ = {isa = PBXFileReference; lastKnownFileType = sourcecode.c.h; path = AppDelegate.h; sourceTree = "<group>"; };
		4B4551081CA3E32F002E6127 /* AppDelegate.m */ = {isa = PBXFileReference; lastKnownFileType = sourcecode.c.objc; path = AppDelegate.m; sourceTree = "<group>"; };
		4B45510A1CA3E32F002E6127 /* ViewController.h */ = {isa = PBXFileReference; lastKnownFileType = sourcecode.c.h; path = ViewController.h; sourceTree = "<group>"; };
		4B45510B1CA3E32F002E6127 /* ViewController.m */ = {isa = PBXFileReference; lastKnownFileType = sourcecode.c.objc; path = ViewController.m; sourceTree = "<group>"; };
		4B45510E1CA3E32F002E6127 /* Base */ = {isa = PBXFileReference; lastKnownFileType = file.storyboard; name = Base; path = Base.lproj/Main.storyboard; sourceTree = "<group>"; };
		4B4551101CA3E32F002E6127 /* Assets.xcassets */ = {isa = PBXFileReference; lastKnownFileType = folder.assetcatalog; path = Assets.xcassets; sourceTree = "<group>"; };
		4B4551131CA3E32F002E6127 /* Base */ = {isa = PBXFileReference; lastKnownFileType = file.storyboard; name = Base; path = Base.lproj/LaunchScreen.storyboard; sourceTree = "<group>"; };
		4B4551151CA3E32F002E6127 /* Info.plist */ = {isa = PBXFileReference; lastKnownFileType = text.plist.xml; path = Info.plist; sourceTree = "<group>"; };
		4B45511A1CA3E32F002E6127 /* LiuXSliderTests.xctest */ = {isa = PBXFileReference; explicitFileType = wrapper.cfbundle; includeInIndex = 0; path = LiuXSliderTests.xctest; sourceTree = BUILT_PRODUCTS_DIR; };
		4B45511E1CA3E32F002E6127 /* LiuXSliderTests.m */ = {isa = PBXFileReference; lastKnownFileType = sourcecode.c.objc; path = LiuXSliderTests.m; sourceTree = "<group>"; };
		4B4551201CA3E32F002E6127 /* Info.plist */ = {isa = PBXFileReference; lastKnownFileType = text.plist.xml; path = Info.plist; sourceTree = "<group>"; };
		4B4551251CA3E32F002E6127 /* LiuXSliderUITests.xctest */ = {isa = PBXFileReference; explicitFileType = wrapper.cfbundle; includeInIndex = 0; path = LiuXSliderUITests.xctest; sourceTree = BUILT_PRODUCTS_DIR; };
		4B4551291CA3E32F002E6127 /* LiuXSliderUITests.m */ = {isa = PBXFileReference; lastKnownFileType = sourcecode.c.objc; path = LiuXSliderUITests.m; sourceTree = "<group>"; };
		4B45512B1CA3E32F002E6127 /* Info.plist */ = {isa = PBXFileReference; lastKnownFileType = text.plist.xml; path = Info.plist; sourceTree = "<group>"; };
		4B4551371CA3E351002E6127 /* LiuXSlider.h */ = {isa = PBXFileReference; fileEncoding = 4; lastKnownFileType = sourcecode.c.h; path = LiuXSlider.h; sourceTree = "<group>"; };
		4B4551381CA3E351002E6127 /* LiuXSlider.m */ = {isa = PBXFileReference; fileEncoding = 4; lastKnownFileType = sourcecode.c.objc; path = LiuXSlider.m; sourceTree = "<group>"; };
		4B45513A1CA3E359002E6127 /* 日历@2x.png */ = {isa = PBXFileReference; lastKnownFileType = image.png; path = "日历@2x.png"; sourceTree = "<group>"; };
/* End PBXFileReference section */

/* Begin PBXFrameworksBuildPhase section */
		4B4550FE1CA3E32F002E6127 /* Frameworks */ = {
			isa = PBXFrameworksBuildPhase;
			buildActionMask = 2147483647;
			files = (
			);
			runOnlyForDeploymentPostprocessing = 0;
		};
		4B4551171CA3E32F002E6127 /* Frameworks */ = {
			isa = PBXFrameworksBuildPhase;
			buildActionMask = 2147483647;
			files = (
			);
			runOnlyForDeploymentPostprocessing = 0;
		};
		4B4551221CA3E32F002E6127 /* Frameworks */ = {
			isa = PBXFrameworksBuildPhase;
			buildActionMask = 2147483647;
			files = (
			);
			runOnlyForDeploymentPostprocessing = 0;
		};
/* End PBXFrameworksBuildPhase section */

/* Begin PBXGroup section */
		4B4550F81CA3E32F002E6127 = {
			isa = PBXGroup;
			children = (
				4B4551031CA3E32F002E6127 /* LiuXSlider */,
				4B45511D1CA3E32F002E6127 /* LiuXSliderTests */,
				4B4551281CA3E32F002E6127 /* LiuXSliderUITests */,
				4B4551021CA3E32F002E6127 /* Products */,
			);
			sourceTree = "<group>";
		};
		4B4551021CA3E32F002E6127 /* Products */ = {
			isa = PBXGroup;
			children = (
				4B4551011CA3E32F002E6127 /* LiuXSlider.app */,
				4B45511A1CA3E32F002E6127 /* LiuXSliderTests.xctest */,
				4B4551251CA3E32F002E6127 /* LiuXSliderUITests.xctest */,
			);
			name = Products;
			sourceTree = "<group>";
		};
		4B4551031CA3E32F002E6127 /* LiuXSlider */ = {
			isa = PBXGroup;
			children = (
				4B45513A1CA3E359002E6127 /* 日历@2x.png */,
				4B4551371CA3E351002E6127 /* LiuXSlider.h */,
				4B4551381CA3E351002E6127 /* LiuXSlider.m */,
				4B4551071CA3E32F002E6127 /* AppDelegate.h */,
				4B4551081CA3E32F002E6127 /* AppDelegate.m */,
				4B45510A1CA3E32F002E6127 /* ViewController.h */,
				4B45510B1CA3E32F002E6127 /* ViewController.m */,
				4B45510D1CA3E32F002E6127 /* Main.storyboard */,
				4B4551101CA3E32F002E6127 /* Assets.xcassets */,
				4B4551121CA3E32F002E6127 /* LaunchScreen.storyboard */,
				4B4551151CA3E32F002E6127 /* Info.plist */,
				4B4551041CA3E32F002E6127 /* Supporting Files */,
			);
			path = LiuXSlider;
			sourceTree = "<group>";
		};
		4B4551041CA3E32F002E6127 /* Supporting Files */ = {
			isa = PBXGroup;
			children = (
				4B4551051CA3E32F002E6127 /* main.m */,
			);
			name = "Supporting Files";
			sourceTree = "<group>";
		};
		4B45511D1CA3E32F002E6127 /* LiuXSliderTests */ = {
			isa = PBXGroup;
			children = (
				4B45511E1CA3E32F002E6127 /* LiuXSliderTests.m */,
				4B4551201CA3E32F002E6127 /* Info.plist */,
			);
			path = LiuXSliderTests;
			sourceTree = "<group>";
		};
		4B4551281CA3E32F002E6127 /* LiuXSliderUITests */ = {
			isa = PBXGroup;
			children = (
				4B4551291CA3E32F002E6127 /* LiuXSliderUITests.m */,
				4B45512B1CA3E32F002E6127 /* Info.plist */,
			);
			path = LiuXSliderUITests;
			sourceTree = "<group>";
		};
/* End PBXGroup section */

/* Begin PBXNativeTarget section */
		4B4551001CA3E32F002E6127 /* LiuXSlider */ = {
			isa = PBXNativeTarget;
			buildConfigurationList = 4B45512E1CA3E32F002E6127 /* Build configuration list for PBXNativeTarget "LiuXSlider" */;
			buildPhases = (
				4B4550FD1CA3E32F002E6127 /* Sources */,
				4B4550FE1CA3E32F002E6127 /* Frameworks */,
				4B4550FF1CA3E32F002E6127 /* Resources */,
			);
			buildRules = (
			);
			dependencies = (
			);
			name = LiuXSlider;
			productName = LiuXSlider;
			productReference = 4B4551011CA3E32F002E6127 /* LiuXSlider.app */;
			productType = "com.apple.product-type.application";
		};
		4B4551191CA3E32F002E6127 /* LiuXSliderTests */ = {
			isa = PBXNativeTarget;
			buildConfigurationList = 4B4551311CA3E32F002E6127 /* Build configuration list for PBXNativeTarget "LiuXSliderTests" */;
			buildPhases = (
				4B4551161CA3E32F002E6127 /* Sources */,
				4B4551171CA3E32F002E6127 /* Frameworks */,
				4B4551181CA3E32F002E6127 /* Resources */,
			);
			buildRules = (
			);
			dependencies = (
				4B45511C1CA3E32F002E6127 /* PBXTargetDependency */,
			);
			name = LiuXSliderTests;
			productName = LiuXSliderTests;
			productReference = 4B45511A1CA3E32F002E6127 /* LiuXSliderTests.xctest */;
			productType = "com.apple.product-type.bundle.unit-test";
		};
		4B4551241CA3E32F002E6127 /* LiuXSliderUITests */ = {
			isa = PBXNativeTarget;
			buildConfigurationList = 4B4551341CA3E32F002E6127 /* Build configuration list for PBXNativeTarget "LiuXSliderUITests" */;
			buildPhases = (
				4B4551211CA3E32F002E6127 /* Sources */,
				4B4551221CA3E32F002E6127 /* Frameworks */,
				4B4551231CA3E32F002E6127 /* Resources */,
			);
			buildRules = (
			);
			dependencies = (
				4B4551271CA3E32F002E6127 /* PBXTargetDependency */,
			);
			name = LiuXSliderUITests;
			productName = LiuXSliderUITests;
			productReference = 4B4551251CA3E32F002E6127 /* LiuXSliderUITests.xctest */;
			productType = "com.apple.product-type.bundle.ui-testing";
		};
/* End PBXNativeTarget section */

/* Begin PBXProject section */
		4B4550F91CA3E32F002E6127 /* Project object */ = {
			isa = PBXProject;
			attributes = {
				CLASSPREFIX = ddddddd;
				LastUpgradeCheck = 0720;
				ORGANIZATIONNAME = BRICK;
				TargetAttributes = {
					4B4551001CA3E32F002E6127 = {
						CreatedOnToolsVersion = 7.2;
					};
					4B4551191CA3E32F002E6127 = {
						CreatedOnToolsVersion = 7.2;
						TestTargetID = 4B4551001CA3E32F002E6127;
					};
					4B4551241CA3E32F002E6127 = {
						CreatedOnToolsVersion = 7.2;
						TestTargetID = 4B4551001CA3E32F002E6127;
					};
				};
			};
			buildConfigurationList = 4B4550FC1CA3E32F002E6127 /* Build configuration list for PBXProject "LiuXSlider" */;
			compatibilityVersion = "Xcode 3.2";
			developmentRegion = English;
			hasScannedForEncodings = 0;
			knownRegions = (
				en,
				Base,
			);
			mainGroup = 4B4550F81CA3E32F002E6127;
			productRefGroup = 4B4551021CA3E32F002E6127 /* Products */;
			projectDirPath = "";
			projectRoot = "";
			targets = (
				4B4551001CA3E32F002E6127 /* LiuXSlider */,
				4B4551191CA3E32F002E6127 /* LiuXSliderTests */,
				4B4551241CA3E32F002E6127 /* LiuXSliderUITests */,
			);
		};
/* End PBXProject section */

/* Begin PBXResourcesBuildPhase section */
		4B4550FF1CA3E32F002E6127 /* Resources */ = {
			isa = PBXResourcesBuildPhase;
			buildActionMask = 2147483647;
			files = (
				4B4551141CA3E32F002E6127 /* LaunchScreen.storyboard in Resources */,
				4B45513B1CA3E359002E6127 /* 日历@2x.png in Resources */,
				4B4551111CA3E32F002E6127 /* Assets.xcassets in Resources */,
				4B45510F1CA3E32F002E6127 /* Main.storyboard in Resources */,
			);
			runOnlyForDeploymentPostprocessing = 0;
		};
		4B4551181CA3E32F002E6127 /* Resources */ = {
			isa = PBXResourcesBuildPhase;
			buildActionMask = 2147483647;
			files = (
			);
			runOnlyForDeploymentPostprocessing = 0;
		};
		4B4551231CA3E32F002E6127 /* Resources */ = {
			isa = PBXResourcesBuildPhase;
			buildActionMask = 2147483647;
			files = (
			);
			runOnlyForDeploymentPostprocessing = 0;
		};
/* End PBXResourcesBuildPhase section */

/* Begin PBXSourcesBuildPhase section */
		4B4550FD1CA3E32F002E6127 /* Sources */ = {
			isa = PBXSourcesBuildPhase;
			buildActionMask = 2147483647;
			files = (
				4B4551391CA3E351002E6127 /* LiuXSlider.m in Sources */,
				4B45510C1CA3E32F002E6127 /* ViewController.m in Sources */,
				4B4551091CA3E32F002E6127 /* AppDelegate.m in Sources */,
				4B4551061CA3E32F002E6127 /* main.m in Sources */,
			);
			runOnlyForDeploymentPostprocessing = 0;
		};
		4B4551161CA3E32F002E6127 /* Sources */ = {
			isa = PBXSourcesBuildPhase;
			buildActionMask = 2147483647;
			files = (
				4B45511F1CA3E32F002E6127 /* LiuXSliderTests.m in Sources */,
			);
			runOnlyForDeploymentPostprocessing = 0;
		};
		4B4551211CA3E32F002E6127 /* Sources */ = {
			isa = PBXSourcesBuildPhase;
			buildActionMask = 2147483647;
			files = (
				4B45512A1CA3E32F002E6127 /* LiuXSliderUITests.m in Sources */,
			);
			runOnlyForDeploymentPostprocessing = 0;
		};
/* End PBXSourcesBuildPhase section */

/* Begin PBXTargetDependency section */
		4B45511C1CA3E32F002E6127 /* PBXTargetDependency */ = {
			isa = PBXTargetDependency;
			target = 4B4551001CA3E32F002E6127 /* LiuXSlider */;
			targetProxy = 4B45511B1CA3E32F002E6127 /* PBXContainerItemProxy */;
		};
		4B4551271CA3E32F002E6127 /* PBXTargetDependency */ = {
			isa = PBXTargetDependency;
			target = 4B4551001CA3E32F002E6127 /* LiuXSlider */;
			targetProxy = 4B4551261CA3E32F002E6127 /* PBXContainerItemProxy */;
		};
/* End PBXTargetDependency section */

/* Begin PBXVariantGroup section */
		4B45510D1CA3E32F002E6127 /* Main.storyboard */ = {
			isa = PBXVariantGroup;
			children = (
				4B45510E1CA3E32F002E6127 /* Base */,
			);
			name = Main.storyboard;
			sourceTree = "<group>";
		};
		4B4551121CA3E32F002E6127 /* LaunchScreen.storyboard */ = {
			isa = PBXVariantGroup;
			children = (
				4B4551131CA3E32F002E6127 /* Base */,
			);
			name = LaunchScreen.storyboard;
			sourceTree = "<group>";
		};
/* End PBXVariantGroup section */

/* Begin XCBuildConfiguration section */
		4B45512C1CA3E32F002E6127 /* Debug */ = {
			isa = XCBuildConfiguration;
			buildSettings = {
				ALWAYS_SEARCH_USER_PATHS = NO;
				CLANG_CXX_LANGUAGE_STANDARD = "gnu++0x";
				CLANG_CXX_LIBRARY = "libc++";
				CLANG_ENABLE_MODULES = YES;
				CLANG_ENABLE_OBJC_ARC = YES;
				CLANG_WARN_BOOL_CONVERSION = YES;
				CLANG_WARN_CONSTANT_CONVERSION = YES;
				CLANG_WARN_DIRECT_OBJC_ISA_USAGE = YES_ERROR;
				CLANG_WARN_EMPTY_BODY = YES;
				CLANG_WARN_ENUM_CONVERSION = YES;
				CLANG_WARN_INT_CONVERSION = YES;
				CLANG_WARN_OBJC_ROOT_CLASS = YES_ERROR;
				CLANG_WARN_UNREACHABLE_CODE = YES;
				CLANG_WARN__DUPLICATE_METHOD_MATCH = YES;
				"CODE_SIGN_IDENTITY[sdk=iphoneos*]" = "iPhone Developer";
				COPY_PHASE_STRIP = NO;
				DEBUG_INFORMATION_FORMAT = dwarf;
				ENABLE_STRICT_OBJC_MSGSEND = YES;
				ENABLE_TESTABILITY = YES;
				GCC_C_LANGUAGE_STANDARD = gnu99;
				GCC_DYNAMIC_NO_PIC = NO;
				GCC_NO_COMMON_BLOCKS = YES;
				GCC_OPTIMIZATION_LEVEL = 0;
				GCC_PREPROCESSOR_DEFINITIONS = (
					"DEBUG=1",
					"$(inherited)",
				);
				GCC_WARN_64_TO_32_BIT_CONVERSION = YES;
				GCC_WARN_ABOUT_RETURN_TYPE = YES_ERROR;
				GCC_WARN_UNDECLARED_SELECTOR = YES;
				GCC_WARN_UNINITIALIZED_AUTOS = YES_AGGRESSIVE;
				GCC_WARN_UNUSED_FUNCTION = YES;
				GCC_WARN_UNUSED_VARIABLE = YES;
				IPHONEOS_DEPLOYMENT_TARGET = 9.2;
				MTL_ENABLE_DEBUG_INFO = YES;
				ONLY_ACTIVE_ARCH = YES;
				SDKROOT = iphoneos;
			};
			name = Debug;
		};
		4B45512D1CA3E32F002E6127 /* Release */ = {
			isa = XCBuildConfiguration;
			buildSettings = {
				ALWAYS_SEARCH_USER_PATHS = NO;
				CLANG_CXX_LANGUAGE_STANDARD = "gnu++0x";
				CLANG_CXX_LIBRARY = "libc++";
				CLANG_ENABLE_MODULES = YES;
				CLANG_ENABLE_OBJC_ARC = YES;
				CLANG_WARN_BOOL_CONVERSION = YES;
				CLANG_WARN_CONSTANT_CONVERSION = YES;
				CLANG_WARN_DIRECT_OBJC_ISA_USAGE = YES_ERROR;
				CLANG_WARN_EMPTY_BODY = YES;
				CLANG_WARN_ENUM_CONVERSION = YES;
				CLANG_WARN_INT_CONVERSION = YES;
				CLANG_WARN_OBJC_ROOT_CLASS = YES_ERROR;
				CLANG_WARN_UNREACHABLE_CODE = YES;
				CLANG_WARN__DUPLICATE_METHOD_MATCH = YES;
				"CODE_SIGN_IDENTITY[sdk=iphoneos*]" = "iPhone Developer";
				COPY_PHASE_STRIP = NO;
				DEBUG_INFORMATION_FORMAT = "dwarf-with-dsym";
				ENABLE_NS_ASSERTIONS = NO;
				ENABLE_STRICT_OBJC_MSGSEND = YES;
				GCC_C_LANGUAGE_STANDARD = gnu99;
				GCC_NO_COMMON_BLOCKS = YES;
				GCC_WARN_64_TO_32_BIT_CONVERSION = YES;
				GCC_WARN_ABOUT_RETURN_TYPE = YES_ERROR;
				GCC_WARN_UNDECLARED_SELECTOR = YES;
				GCC_WARN_UNINITIALIZED_AUTOS = YES_AGGRESSIVE;
				GCC_WARN_UNUSED_FUNCTION = YES;
				GCC_WARN_UNUSED_VARIABLE = YES;
				IPHONEOS_DEPLOYMENT_TARGET = 9.2;
				MTL_ENABLE_DEBUG_INFO = NO;
				SDKROOT = iphoneos;
				VALIDATE_PRODUCT = YES;
			};
			name = Release;
		};
		4B45512F1CA3E32F002E6127 /* Debug */ = {
			isa = XCBuildConfiguration;
			buildSettings = {
				ASSETCATALOG_COMPILER_APPICON_NAME = AppIcon;
				INFOPLIST_FILE = LiuXSlider/Info.plist;
				LD_RUNPATH_SEARCH_PATHS = "$(inherited) @executable_path/Frameworks";
				PRODUCT_BUNDLE_IDENTIFIER = com.lx.spread.LiuXSlider;
				PRODUCT_NAME = "$(TARGET_NAME)";
			};
			name = Debug;
		};
		4B4551301CA3E32F002E6127 /* Release */ = {
			isa = XCBuildConfiguration;
			buildSettings = {
				ASSETCATALOG_COMPILER_APPICON_NAME = AppIcon;
				INFOPLIST_FILE = LiuXSlider/Info.plist;
				LD_RUNPATH_SEARCH_PATHS = "$(inherited) @executable_path/Frameworks";
				PRODUCT_BUNDLE_IDENTIFIER = com.lx.spread.LiuXSlider;
				PRODUCT_NAME = "$(TARGET_NAME)";
			};
			name = Release;
		};
		4B4551321CA3E32F002E6127 /* Debug */ = {
			isa = XCBuildConfiguration;
			buildSettings = {
				BUNDLE_LOADER = "$(TEST_HOST)";
				INFOPLIST_FILE = LiuXSliderTests/Info.plist;
				LD_RUNPATH_SEARCH_PATHS = "$(inherited) @executable_path/Frameworks @loader_path/Frameworks";
				PRODUCT_BUNDLE_IDENTIFIER = com.lx.spread.LiuXSliderTests;
				PRODUCT_NAME = "$(TARGET_NAME)";
				TEST_HOST = "$(BUILT_PRODUCTS_DIR)/LiuXSlider.app/LiuXSlider";
			};
			name = Debug;
		};
		4B4551331CA3E32F002E6127 /* Release */ = {
			isa = XCBuildConfiguration;
			buildSettings = {
				BUNDLE_LOADER = "$(TEST_HOST)";
				INFOPLIST_FILE = LiuXSliderTests/Info.plist;
				LD_RUNPATH_SEARCH_PATHS = "$(inherited) @executable_path/Frameworks @loader_path/Frameworks";
				PRODUCT_BUNDLE_IDENTIFIER = com.lx.spread.LiuXSliderTests;
				PRODUCT_NAME = "$(TARGET_NAME)";
				TEST_HOST = "$(BUILT_PRODUCTS_DIR)/LiuXSlider.app/LiuXSlider";
			};
			name = Release;
		};
		4B4551351CA3E32F002E6127 /* Debug */ = {
			isa = XCBuildConfiguration;
			buildSettings = {
				INFOPLIST_FILE = LiuXSliderUITests/Info.plist;
				LD_RUNPATH_SEARCH_PATHS = "$(inherited) @executable_path/Frameworks @loader_path/Frameworks";
				PRODUCT_BUNDLE_IDENTIFIER = com.lx.spread.LiuXSliderUITests;
				PRODUCT_NAME = "$(TARGET_NAME)";
				TEST_TARGET_NAME = LiuXSlider;
				USES_XCTRUNNER = YES;
			};
			name = Debug;
		};
		4B4551361CA3E32F002E6127 /* Release */ = {
			isa = XCBuildConfiguration;
			buildSettings = {
				INFOPLIST_FILE = LiuXSliderUITests/Info.plist;
				LD_RUNPATH_SEARCH_PATHS = "$(inherited) @executable_path/Frameworks @loader_path/Frameworks";
				PRODUCT_BUNDLE_IDENTIFIER = com.lx.spread.LiuXSliderUITests;
				PRODUCT_NAME = "$(TARGET_NAME)";
				TEST_TARGET_NAME = LiuXSlider;
				USES_XCTRUNNER = YES;
			};
			name = Release;
		};
/* End XCBuildConfiguration section */

/* Begin XCConfigurationList section */
		4B4550FC1CA3E32F002E6127 /* Build configuration list for PBXProject "LiuXSlider" */ = {
			isa = XCConfigurationList;
			buildConfigurations = (
				4B45512C1CA3E32F002E6127 /* Debug */,
				4B45512D1CA3E32F002E6127 /* Release */,
			);
			defaultConfigurationIsVisible = 0;
			defaultConfigurationName = Release;
		};
		4B45512E1CA3E32F002E6127 /* Build configuration list for PBXNativeTarget "LiuXSlider" */ = {
			isa = XCConfigurationList;
			buildConfigurations = (
				4B45512F1CA3E32F002E6127 /* Debug */,
				4B4551301CA3E32F002E6127 /* Release */,
			);
			defaultConfigurationIsVisible = 0;
			defaultConfigurationName = Release;
		};
		4B4551311CA3E32F002E6127 /* Build configuration list for PBXNativeTarget "LiuXSliderTests" */ = {
			isa = XCConfigurationList;
			buildConfigurations = (
				4B4551321CA3E32F002E6127 /* Debug */,
				4B4551331CA3E32F002E6127 /* Release */,
			);
			defaultConfigurationIsVisible = 0;
			defaultConfigurationName = Release;
		};
		4B4551341CA3E32F002E6127 /* Build configuration list for PBXNativeTarget "LiuXSliderUITests" */ = {
			isa = XCConfigurationList;
			buildConfigurations = (
				4B4551351CA3E32F002E6127 /* Debug */,
				4B4551361CA3E32F002E6127 /* Release */,
			);
			defaultConfigurationIsVisible = 0;
			defaultConfigurationName = Release;
		};
/* End XCConfigurationList section */
	};
	rootObject = 4B4550F91CA3E32F002E6127 /* Project object */;
}
